// !$*UTF8*$!
{
	archiveVersion = 1;
	classes = {
	};
	objectVersion = 55;
	objects = {

/* Begin PBXBuildFile section */
		438F06B7BA2E028FE646A20B /* Pods_BookStore_PedroOrtiz.framework in Frameworks */ = {isa = PBXBuildFile; fileRef = 75169A8166FC1CACDE7850EB /* Pods_BookStore_PedroOrtiz.framework */; };
		A875074728428F630030A6F6 /* AppDelegate.swift in Sources */ = {isa = PBXBuildFile; fileRef = A875074628428F630030A6F6 /* AppDelegate.swift */; };
		A875074928428F630030A6F6 /* SceneDelegate.swift in Sources */ = {isa = PBXBuildFile; fileRef = A875074828428F630030A6F6 /* SceneDelegate.swift */; };
		A875074B28428F630030A6F6 /* ViewController.swift in Sources */ = {isa = PBXBuildFile; fileRef = A875074A28428F630030A6F6 /* ViewController.swift */; };
		A875074E28428F630030A6F6 /* Main.storyboard in Resources */ = {isa = PBXBuildFile; fileRef = A875074C28428F630030A6F6 /* Main.storyboard */; };
		A875075028428F650030A6F6 /* Assets.xcassets in Resources */ = {isa = PBXBuildFile; fileRef = A875074F28428F650030A6F6 /* Assets.xcassets */; };
		A875075328428F650030A6F6 /* LaunchScreen.storyboard in Resources */ = {isa = PBXBuildFile; fileRef = A875075128428F650030A6F6 /* LaunchScreen.storyboard */; };
/* End PBXBuildFile section */

/* Begin PBXFileReference section */
		28A2802B021A6D19217A66B5 /* Pods-BookStore_PedroOrtiz.debug.xcconfig */ = {isa = PBXFileReference; includeInIndex = 1; lastKnownFileType = text.xcconfig; name = "Pods-BookStore_PedroOrtiz.debug.xcconfig"; path = "Target Support Files/Pods-BookStore_PedroOrtiz/Pods-BookStore_PedroOrtiz.debug.xcconfig"; sourceTree = "<group>"; };
		75169A8166FC1CACDE7850EB /* Pods_BookStore_PedroOrtiz.framework */ = {isa = PBXFileReference; explicitFileType = wrapper.framework; includeInIndex = 0; path = Pods_BookStore_PedroOrtiz.framework; sourceTree = BUILT_PRODUCTS_DIR; };
		7F4A4D99D5C9965C34880675 /* Pods-BookStore_PedroOrtiz.release.xcconfig */ = {isa = PBXFileReference; includeInIndex = 1; lastKnownFileType = text.xcconfig; name = "Pods-BookStore_PedroOrtiz.release.xcconfig"; path = "Target Support Files/Pods-BookStore_PedroOrtiz/Pods-BookStore_PedroOrtiz.release.xcconfig"; sourceTree = "<group>"; };
		A875074328428F630030A6F6 /* BookStore_PedroOrtiz.app */ = {isa = PBXFileReference; explicitFileType = wrapper.application; includeInIndex = 0; path = BookStore_PedroOrtiz.app; sourceTree = BUILT_PRODUCTS_DIR; };
		A875074628428F630030A6F6 /* AppDelegate.swift */ = {isa = PBXFileReference; lastKnownFileType = sourcecode.swift; path = AppDelegate.swift; sourceTree = "<group>"; };
		A875074828428F630030A6F6 /* SceneDelegate.swift */ = {isa = PBXFileReference; lastKnownFileType = sourcecode.swift; path = SceneDelegate.swift; sourceTree = "<group>"; };
		A875074A28428F630030A6F6 /* ViewController.swift */ = {isa = PBXFileReference; lastKnownFileType = sourcecode.swift; path = ViewController.swift; sourceTree = "<group>"; };
		A875074D28428F630030A6F6 /* Base */ = {isa = PBXFileReference; lastKnownFileType = file.storyboard; name = Base; path = Base.lproj/Main.storyboard; sourceTree = "<group>"; };
		A875074F28428F650030A6F6 /* Assets.xcassets */ = {isa = PBXFileReference; lastKnownFileType = folder.assetcatalog; path = Assets.xcassets; sourceTree = "<group>"; };
		A875075228428F650030A6F6 /* Base */ = {isa = PBXFileReference; lastKnownFileType = file.storyboard; name = Base; path = Base.lproj/LaunchScreen.storyboard; sourceTree = "<group>"; };
		A875075428428F650030A6F6 /* Info.plist */ = {isa = PBXFileReference; lastKnownFileType = text.plist.xml; path = Info.plist; sourceTree = "<group>"; };
/* End PBXFileReference section */

/* Begin PBXFrameworksBuildPhase section */
		A875074028428F630030A6F6 /* Frameworks */ = {
			isa = PBXFrameworksBuildPhase;
			buildActionMask = 2147483647;
			files = (
				438F06B7BA2E028FE646A20B /* Pods_BookStore_PedroOrtiz.framework in Frameworks */,
			);
			runOnlyForDeploymentPostprocessing = 0;
		};
/* End PBXFrameworksBuildPhase section */

/* Begin PBXGroup section */
		1A042C3A4485E8FBA7EF7934 /* Pods */ = {
			isa = PBXGroup;
			children = (
				28A2802B021A6D19217A66B5 /* Pods-BookStore_PedroOrtiz.debug.xcconfig */,
				7F4A4D99D5C9965C34880675 /* Pods-BookStore_PedroOrtiz.release.xcconfig */,
			);
			name = Pods;
			path = Pods;
			sourceTree = "<group>";
		};
		A875073A28428F630030A6F6 = {
			isa = PBXGroup;
			children = (
				A875074528428F630030A6F6 /* BookStore_PedroOrtiz */,
				A875074428428F630030A6F6 /* Products */,
				1A042C3A4485E8FBA7EF7934 /* Pods */,
				DEB9857EC0A18D64E5781137 /* Frameworks */,
			);
			sourceTree = "<group>";
		};
		A875074428428F630030A6F6 /* Products */ = {
			isa = PBXGroup;
			children = (
				A875074328428F630030A6F6 /* BookStore_PedroOrtiz.app */,
			);
			name = Products;
			sourceTree = "<group>";
		};
		A875074528428F630030A6F6 /* BookStore_PedroOrtiz */ = {
			isa = PBXGroup;
			children = (
				A875074628428F630030A6F6 /* AppDelegate.swift */,
				A875074828428F630030A6F6 /* SceneDelegate.swift */,
				A875074A28428F630030A6F6 /* ViewController.swift */,
				A875074C28428F630030A6F6 /* Main.storyboard */,
				A875074F28428F650030A6F6 /* Assets.xcassets */,
				A875075128428F650030A6F6 /* LaunchScreen.storyboard */,
				A875075428428F650030A6F6 /* Info.plist */,
			);
			path = BookStore_PedroOrtiz;
			sourceTree = "<group>";
		};
		DEB9857EC0A18D64E5781137 /* Frameworks */ = {
			isa = PBXGroup;
			children = (
				75169A8166FC1CACDE7850EB /* Pods_BookStore_PedroOrtiz.framework */,
			);
			name = Frameworks;
			sourceTree = "<group>";
		};
/* End PBXGroup section */

/* Begin PBXNativeTarget section */
		A875074228428F630030A6F6 /* BookStore_PedroOrtiz */ = {
			isa = PBXNativeTarget;
			buildConfigurationList = A875075728428F650030A6F6 /* Build configuration list for PBXNativeTarget "BookStore_PedroOrtiz" */;
			buildPhases = (
				FDF4EDE5CE6E8A28F2AA4406 /* [CP] Check Pods Manifest.lock */,
				A875073F28428F630030A6F6 /* Sources */,
				A875074028428F630030A6F6 /* Frameworks */,
				A875074128428F630030A6F6 /* Resources */,
			);
			buildRules = (
			);
			dependencies = (
			);
			name = BookStore_PedroOrtiz;
			productName = BookStore_PedroOrtiz;
			productReference = A875074328428F630030A6F6 /* BookStore_PedroOrtiz.app */;
			productType = "com.apple.product-type.application";
		};
/* End PBXNativeTarget section */

/* Begin PBXProject section */
		A875073B28428F630030A6F6 /* Project object */ = {
			isa = PBXProject;
			attributes = {
				BuildIndependentTargetsInParallel = 1;
				LastSwiftUpdateCheck = 1330;
				LastUpgradeCheck = 1330;
				TargetAttributes = {
					A875074228428F630030A6F6 = {
						CreatedOnToolsVersion = 13.3.1;
					};
				};
			};
			buildConfigurationList = A875073E28428F630030A6F6 /* Build configuration list for PBXProject "BookStore_PedroOrtiz" */;
			compatibilityVersion = "Xcode 13.0";
			developmentRegion = en;
			hasScannedForEncodings = 0;
			knownRegions = (
				en,
				Base,
			);
			mainGroup = A875073A28428F630030A6F6;
			productRefGroup = A875074428428F630030A6F6 /* Products */;
			projectDirPath = "";
			projectRoot = "";
			targets = (
				A875074228428F630030A6F6 /* BookStore_PedroOrtiz */,
			);
		};
/* End PBXProject section */

/* Begin PBXResourcesBuildPhase section */
		A875074128428F630030A6F6 /* Resources */ = {
			isa = PBXResourcesBuildPhase;
			buildActionMask = 2147483647;
			files = (
				A875075328428F650030A6F6 /* LaunchScreen.storyboard in Resources */,
				A875075028428F650030A6F6 /* Assets.xcassets in Resources */,
				A875074E28428F630030A6F6 /* Main.storyboard in Resources */,
			);
			runOnlyForDeploymentPostprocessing = 0;
		};
/* End PBXResourcesBuildPhase section */

/* Begin PBXShellScriptBuildPhase section */
		FDF4EDE5CE6E8A28F2AA4406 /* [CP] Check Pods Manifest.lock */ = {
			isa = PBXShellScriptBuildPhase;
			buildActionMask = 2147483647;
			files = (
			);
			inputFileListPaths = (
			);
			inputPaths = (
				"${PODS_PODFILE_DIR_PATH}/Podfile.lock",
				"${PODS_ROOT}/Manifest.lock",
			);
			name = "[CP] Check Pods Manifest.lock";
			outputFileListPaths = (
			);
			outputPaths = (
				"$(DERIVED_FILE_DIR)/Pods-BookStore_PedroOrtiz-checkManifestLockResult.txt",
			);
			runOnlyForDeploymentPostprocessing = 0;
			shellPath = /bin/sh;
			shellScript = "diff \"${PODS_PODFILE_DIR_PATH}/Podfile.lock\" \"${PODS_ROOT}/Manifest.lock\" > /dev/null\nif [ $? != 0 ] ; then\n    # print error to STDERR\n    echo \"error: The sandbox is not in sync with the Podfile.lock. Run 'pod install' or update your CocoaPods installation.\" >&2\n    exit 1\nfi\n# This output is used by Xcode 'outputs' to avoid re-running this script phase.\necho \"SUCCESS\" > \"${SCRIPT_OUTPUT_FILE_0}\"\n";
			showEnvVarsInLog = 0;
		};
/* End PBXShellScriptBuildPhase section */

/* Begin PBXSourcesBuildPhase section */
		A875073F28428F630030A6F6 /* Sources */ = {
			isa = PBXSourcesBuildPhase;
			buildActionMask = 2147483647;
			files = (
				A875074B28428F630030A6F6 /* ViewController.swift in Sources */,
				A875074728428F630030A6F6 /* AppDelegate.swift in Sources */,
				A875074928428F630030A6F6 /* SceneDelegate.swift in Sources */,
			);
			runOnlyForDeploymentPostprocessing = 0;
		};
/* End PBXSourcesBuildPhase section */

/* Begin PBXVariantGroup section */
		A875074C28428F630030A6F6 /* Main.storyboard */ = {
			isa = PBXVariantGroup;
			children = (
				A875074D28428F630030A6F6 /* Base */,
			);
			name = Main.storyboard;
			sourceTree = "<group>";
		};
		A875075128428F650030A6F6 /* LaunchScreen.storyboard */ = {
			isa = PBXVariantGroup;
			children = (
				A875075228428F650030A6F6 /* Base */,
			);
			name = LaunchScreen.storyboard;
			sourceTree = "<group>";
		};
/* End PBXVariantGroup section */

/* Begin XCBuildConfiguration section */
		A875075528428F650030A6F6 /* Debug */ = {
			isa = XCBuildConfiguration;
			buildSettings = {
				ALWAYS_SEARCH_USER_PATHS = NO;
				CLANG_ANALYZER_NONNULL = YES;
				CLANG_ANALYZER_NUMBER_OBJECT_CONVERSION = YES_AGGRESSIVE;
				CLANG_CXX_LANGUAGE_STANDARD = "gnu++17";
				CLANG_ENABLE_MODULES = YES;
				CLANG_ENABLE_OBJC_ARC = YES;
				CLANG_ENABLE_OBJC_WEAK = YES;
				CLANG_WARN_BLOCK_CAPTURE_AUTORELEASING = YES;
				CLANG_WARN_BOOL_CONVERSION = YES;
				CLANG_WARN_COMMA = YES;
				CLANG_WARN_CONSTANT_CONVERSION = YES;
				CLANG_WARN_DEPRECATED_OBJC_IMPLEMENTATIONS = YES;
				CLANG_WARN_DIRECT_OBJC_ISA_USAGE = YES_ERROR;
				CLANG_WARN_DOCUMENTATION_COMMENTS = YES;
				CLANG_WARN_EMPTY_BODY = YES;
				CLANG_WARN_ENUM_CONVERSION = YES;
				CLANG_WARN_INFINITE_RECURSION = YES;
				CLANG_WARN_INT_CONVERSION = YES;
				CLANG_WARN_NON_LITERAL_NULL_CONVERSION = YES;
				CLANG_WARN_OBJC_IMPLICIT_RETAIN_SELF = YES;
				CLANG_WARN_OBJC_LITERAL_CONVERSION = YES;
				CLANG_WARN_OBJC_ROOT_CLASS = YES_ERROR;
				CLANG_WARN_QUOTED_INCLUDE_IN_FRAMEWORK_HEADER = YES;
				CLANG_WARN_RANGE_LOOP_ANALYSIS = YES;
				CLANG_WARN_STRICT_PROTOTYPES = YES;
				CLANG_WARN_SUSPICIOUS_MOVE = YES;
				CLANG_WARN_UNGUARDED_AVAILABILITY = YES_AGGRESSIVE;
				CLANG_WARN_UNREACHABLE_CODE = YES;
				CLANG_WARN__DUPLICATE_METHOD_MATCH = YES;
				COPY_PHASE_STRIP = NO;
				DEBUG_INFORMATION_FORMAT = dwarf;
				ENABLE_STRICT_OBJC_MSGSEND = YES;
				ENABLE_TESTABILITY = YES;
				GCC_C_LANGUAGE_STANDARD = gnu11;
				GCC_DYNAMIC_NO_PIC = NO;
				GCC_NO_COMMON_BLOCKS = YES;
				GCC_OPTIMIZATION_LEVEL = 0;
				GCC_PREPROCESSOR_DEFINITIONS = (
					"DEBUG=1",
					"$(inherited)",
				);
				GCC_WARN_64_TO_32_BIT_CONVERSION = YES;
				GCC_WARN_ABOUT_RETURN_TYPE = YES_ERROR;
				GCC_WARN_UNDECLARED_SELECTOR = YES;
				GCC_WARN_UNINITIALIZED_AUTOS = YES_AGGRESSIVE;
				GCC_WARN_UNUSED_FUNCTION = YES;
				GCC_WARN_UNUSED_VARIABLE = YES;
				IPHONEOS_DEPLOYMENT_TARGET = 15.4;
				MTL_ENABLE_DEBUG_INFO = INCLUDE_SOURCE;
				MTL_FAST_MATH = YES;
				ONLY_ACTIVE_ARCH = YES;
				SDKROOT = iphoneos;
				SWIFT_ACTIVE_COMPILATION_CONDITIONS = DEBUG;
				SWIFT_OPTIMIZATION_LEVEL = "-Onone";
			};
			name = Debug;
		};
		A875075628428F650030A6F6 /* Release */ = {
			isa = XCBuildConfiguration;
			buildSettings = {
				ALWAYS_SEARCH_USER_PATHS = NO;
				CLANG_ANALYZER_NONNULL = YES;
				CLANG_ANALYZER_NUMBER_OBJECT_CONVERSION = YES_AGGRESSIVE;
				CLANG_CXX_LANGUAGE_STANDARD = "gnu++17";
				CLANG_ENABLE_MODULES = YES;
				CLANG_ENABLE_OBJC_ARC = YES;
				CLANG_ENABLE_OBJC_WEAK = YES;
				CLANG_WARN_BLOCK_CAPTURE_AUTORELEASING = YES;
				CLANG_WARN_BOOL_CONVERSION = YES;
				CLANG_WARN_COMMA = YES;
				CLANG_WARN_CONSTANT_CONVERSION = YES;
				CLANG_WARN_DEPRECATED_OBJC_IMPLEMENTATIONS = YES;
				CLANG_WARN_DIRECT_OBJC_ISA_USAGE = YES_ERROR;
				CLANG_WARN_DOCUMENTATION_COMMENTS = YES;
				CLANG_WARN_EMPTY_BODY = YES;
				CLANG_WARN_ENUM_CONVERSION = YES;
				CLANG_WARN_INFINITE_RECURSION = YES;
				CLANG_WARN_INT_CONVERSION = YES;
				CLANG_WARN_NON_LITERAL_NULL_CONVERSION = YES;
				CLANG_WARN_OBJC_IMPLICIT_RETAIN_SELF = YES;
				CLANG_WARN_OBJC_LITERAL_CONVERSION = YES;
				CLANG_WARN_OBJC_ROOT_CLASS = YES_ERROR;
				CLANG_WARN_QUOTED_INCLUDE_IN_FRAMEWORK_HEADER = YES;
				CLANG_WARN_RANGE_LOOP_ANALYSIS = YES;
				CLANG_WARN_STRICT_PROTOTYPES = YES;
				CLANG_WARN_SUSPICIOUS_MOVE = YES;
				CLANG_WARN_UNGUARDED_AVAILABILITY = YES_AGGRESSIVE;
				CLANG_WARN_UNREACHABLE_CODE = YES;
				CLANG_WARN__DUPLICATE_METHOD_MATCH = YES;
				COPY_PHASE_STRIP = NO;
				DEBUG_INFORMATION_FORMAT = "dwarf-with-dsym";
				ENABLE_NS_ASSERTIONS = NO;
				ENABLE_STRICT_OBJC_MSGSEND = YES;
				GCC_C_LANGUAGE_STANDARD = gnu11;
				GCC_NO_COMMON_BLOCKS = YES;
				GCC_WARN_64_TO_32_BIT_CONVERSION = YES;
				GCC_WARN_ABOUT_RETURN_TYPE = YES_ERROR;
				GCC_WARN_UNDECLARED_SELECTOR = YES;
				GCC_WARN_UNINITIALIZED_AUTOS = YES_AGGRESSIVE;
				GCC_WARN_UNUSED_FUNCTION = YES;
				GCC_WARN_UNUSED_VARIABLE = YES;
				IPHONEOS_DEPLOYMENT_TARGET = 15.4;
				MTL_ENABLE_DEBUG_INFO = NO;
				MTL_FAST_MATH = YES;
				SDKROOT = iphoneos;
				SWIFT_COMPILATION_MODE = wholemodule;
				SWIFT_OPTIMIZATION_LEVEL = "-O";
				VALIDATE_PRODUCT = YES;
			};
			name = Release;
		};
		A875075828428F650030A6F6 /* Debug */ = {
			isa = XCBuildConfiguration;
			baseConfigurationReference = 28A2802B021A6D19217A66B5 /* Pods-BookStore_PedroOrtiz.debug.xcconfig */;
			buildSettings = {
				ASSETCATALOG_COMPILER_APPICON_NAME = AppIcon;
				ASSETCATALOG_COMPILER_GLOBAL_ACCENT_COLOR_NAME = AccentColor;
				CODE_SIGN_STYLE = Automatic;
				CURRENT_PROJECT_VERSION = 1;
				DEVELOPMENT_TEAM = Q352GCJU8N;
				GENERATE_INFOPLIST_FILE = YES;
				INFOPLIST_FILE = BookStore_PedroOrtiz/Info.plist;
				INFOPLIST_KEY_UIApplicationSupportsIndirectInputEvents = YES;
				INFOPLIST_KEY_UILaunchStoryboardName = LaunchScreen;
				INFOPLIST_KEY_UIMainStoryboardFile = Main;
				INFOPLIST_KEY_UISupportedInterfaceOrientations_iPad = "UIInterfaceOrientationPortrait UIInterfaceOrientationPortraitUpsideDown UIInterfaceOrientationLandscapeLeft UIInterfaceOrientationLandscapeRight";
				INFOPLIST_KEY_UISupportedInterfaceOrientations_iPhone = "UIInterfaceOrientationPortrait UIInterfaceOrientationLandscapeLeft UIInterfaceOrientationLandscapeRight";
				LD_RUNPATH_SEARCH_PATHS = (
					"$(inherited)",
					"@executable_path/Frameworks",
				);
				MARKETING_VERSION = 1.0;
				PRODUCT_BUNDLE_IDENTIFIER = "com.pedroortiz.BookStore-PedroOrtiz";
				PRODUCT_NAME = "$(TARGET_NAME)";
				SWIFT_EMIT_LOC_STRINGS = YES;
				SWIFT_VERSION = 5.0;
				TARGETED_DEVICE_FAMILY = "1,2";
			};
			name = Debug;
		};
		A875075928428F650030A6F6 /* Release */ = {
			isa = XCBuildConfiguration;
			baseConfigurationReference = 7F4A4D99D5C9965C34880675 /* Pods-BookStore_PedroOrtiz.release.xcconfig */;
			buildSettings = {
				ASSETCATALOG_COMPILER_APPICON_NAME = AppIcon;
				ASSETCATALOG_COMPILER_GLOBAL_ACCENT_COLOR_NAME = AccentColor;
				CODE_SIGN_STYLE = Automatic;
				CURRENT_PROJECT_VERSION = 1;
				DEVELOPMENT_TEAM = Q352GCJU8N;
				GENERATE_INFOPLIST_FILE = YES;
				INFOPLIST_FILE = BookStore_PedroOrtiz/Info.plist;
				INFOPLIST_KEY_UIApplicationSupportsIndirectInputEvents = YES;
				INFOPLIST_KEY_UILaunchStoryboardName = LaunchScreen;
				INFOPLIST_KEY_UIMainStoryboardFile = Main;
				INFOPLIST_KEY_UISupportedInterfaceOrientations_iPad = "UIInterfaceOrientationPortrait UIInterfaceOrientationPortraitUpsideDown UIInterfaceOrientationLandscapeLeft UIInterfaceOrientationLandscapeRight";
				INFOPLIST_KEY_UISupportedInterfaceOrientations_iPhone = "UIInterfaceOrientationPortrait UIInterfaceOrientationLandscapeLeft UIInterfaceOrientationLandscapeRight";
				LD_RUNPATH_SEARCH_PATHS = (
					"$(inherited)",
					"@executable_path/Frameworks",
				);
				MARKETING_VERSION = 1.0;
				PRODUCT_BUNDLE_IDENTIFIER = "com.pedroortiz.BookStore-PedroOrtiz";
				PRODUCT_NAME = "$(TARGET_NAME)";
				SWIFT_EMIT_LOC_STRINGS = YES;
				SWIFT_VERSION = 5.0;
				TARGETED_DEVICE_FAMILY = "1,2";
			};
			name = Release;
		};
/* End XCBuildConfiguration section */

/* Begin XCConfigurationList section */
		A875073E28428F630030A6F6 /* Build configuration list for PBXProject "BookStore_PedroOrtiz" */ = {
			isa = XCConfigurationList;
			buildConfigurations = (
				A875075528428F650030A6F6 /* Debug */,
				A875075628428F650030A6F6 /* Release */,
			);
			defaultConfigurationIsVisible = 0;
			defaultConfigurationName = Release;
		};
		A875075728428F650030A6F6 /* Build configuration list for PBXNativeTarget "BookStore_PedroOrtiz" */ = {
			isa = XCConfigurationList;
			buildConfigurations = (
				A875075828428F650030A6F6 /* Debug */,
				A875075928428F650030A6F6 /* Release */,
			);
			defaultConfigurationIsVisible = 0;
			defaultConfigurationName = Release;
		};
/* End XCConfigurationList section */
	};
	rootObject = A875073B28428F630030A6F6 /* Project object */;
}
